// !$*UTF8*$!
{
	archiveVersion = 1;
	classes = {
	};
	objectVersion = 56;
	objects = {

/* Begin PBXBuildFile section */
		9014D00C2AA0A1060006B5DD /* MGLiveActivityApp.swift in Sources */ = {isa = PBXBuildFile; fileRef = 9014D00B2AA0A1060006B5DD /* MGLiveActivityApp.swift */; };
		9014D00E2AA0A1060006B5DD /* ContentView.swift in Sources */ = {isa = PBXBuildFile; fileRef = 9014D00D2AA0A1060006B5DD /* ContentView.swift */; };
		9014D0102AA0A1070006B5DD /* Assets.xcassets in Resources */ = {isa = PBXBuildFile; fileRef = 9014D00F2AA0A1070006B5DD /* Assets.xcassets */; };
		9014D0132AA0A1070006B5DD /* Preview Assets.xcassets in Resources */ = {isa = PBXBuildFile; fileRef = 9014D0122AA0A1070006B5DD /* Preview Assets.xcassets */; };
		9014D0202AA0A20D0006B5DD /* WidgetKit.framework in Frameworks */ = {isa = PBXBuildFile; fileRef = 9014D01F2AA0A20D0006B5DD /* WidgetKit.framework */; };
		9014D0222AA0A20D0006B5DD /* SwiftUI.framework in Frameworks */ = {isa = PBXBuildFile; fileRef = 9014D0212AA0A20D0006B5DD /* SwiftUI.framework */; };
		9014D0252AA0A20D0006B5DD /* MatchLiveScoreBundle.swift in Sources */ = {isa = PBXBuildFile; fileRef = 9014D0242AA0A20D0006B5DD /* MatchLiveScoreBundle.swift */; };
		9014D0272AA0A20D0006B5DD /* MatchLiveScoreLiveActivity.swift in Sources */ = {isa = PBXBuildFile; fileRef = 9014D0262AA0A20D0006B5DD /* MatchLiveScoreLiveActivity.swift */; };
		9014D0292AA0A20D0006B5DD /* MatchLiveScore.swift in Sources */ = {isa = PBXBuildFile; fileRef = 9014D0282AA0A20D0006B5DD /* MatchLiveScore.swift */; };
		9014D02C2AA0A20E0006B5DD /* Assets.xcassets in Resources */ = {isa = PBXBuildFile; fileRef = 9014D02B2AA0A20E0006B5DD /* Assets.xcassets */; };
		9014D02E2AA0A20E0006B5DD /* MatchLiveScore.intentdefinition in Sources */ = {isa = PBXBuildFile; fileRef = 9014D02A2AA0A20D0006B5DD /* MatchLiveScore.intentdefinition */; };
		9014D02F2AA0A20E0006B5DD /* MatchLiveScore.intentdefinition in Sources */ = {isa = PBXBuildFile; fileRef = 9014D02A2AA0A20D0006B5DD /* MatchLiveScore.intentdefinition */; };
		9014D0322AA0A20E0006B5DD /* MatchLiveScoreExtension.appex in Embed Foundation Extensions */ = {isa = PBXBuildFile; fileRef = 9014D01D2AA0A20D0006B5DD /* MatchLiveScoreExtension.appex */; settings = {ATTRIBUTES = (RemoveHeadersOnCopy, ); }; };
		9014D0382AAE16F00006B5DD /* ActivityManager.swift in Sources */ = {isa = PBXBuildFile; fileRef = 9014D0372AAE16F00006B5DD /* ActivityManager.swift */; };
		9014D03A2AAE1B5E0006B5DD /* MatchLiveScoreAttributes.swift in Sources */ = {isa = PBXBuildFile; fileRef = 9014D0392AAE1B5E0006B5DD /* MatchLiveScoreAttributes.swift */; };
		9014D03B2AAE1B5E0006B5DD /* MatchLiveScoreAttributes.swift in Sources */ = {isa = PBXBuildFile; fileRef = 9014D0392AAE1B5E0006B5DD /* MatchLiveScoreAttributes.swift */; };
/* End PBXBuildFile section */

/* Begin PBXContainerItemProxy section */
		9014D0302AA0A20E0006B5DD /* PBXContainerItemProxy */ = {
			isa = PBXContainerItemProxy;
			containerPortal = 9014D0002AA0A1060006B5DD /* Project object */;
			proxyType = 1;
			remoteGlobalIDString = 9014D01C2AA0A20D0006B5DD;
			remoteInfo = MatchLiveScoreExtension;
		};
/* End PBXContainerItemProxy section */

/* Begin PBXCopyFilesBuildPhase section */
		9014D0362AA0A20E0006B5DD /* Embed Foundation Extensions */ = {
			isa = PBXCopyFilesBuildPhase;
			buildActionMask = 2147483647;
			dstPath = "";
			dstSubfolderSpec = 13;
			files = (
				9014D0322AA0A20E0006B5DD /* MatchLiveScoreExtension.appex in Embed Foundation Extensions */,
			);
			name = "Embed Foundation Extensions";
			runOnlyForDeploymentPostprocessing = 0;
		};
/* End PBXCopyFilesBuildPhase section */

/* Begin PBXFileReference section */
		9014D0082AA0A1060006B5DD /* MGLiveActivity.app */ = {isa = PBXFileReference; explicitFileType = wrapper.application; includeInIndex = 0; path = MGLiveActivity.app; sourceTree = BUILT_PRODUCTS_DIR; };
		9014D00B2AA0A1060006B5DD /* MGLiveActivityApp.swift */ = {isa = PBXFileReference; lastKnownFileType = sourcecode.swift; path = MGLiveActivityApp.swift; sourceTree = "<group>"; };
		9014D00D2AA0A1060006B5DD /* ContentView.swift */ = {isa = PBXFileReference; lastKnownFileType = sourcecode.swift; path = ContentView.swift; sourceTree = "<group>"; };
		9014D00F2AA0A1070006B5DD /* Assets.xcassets */ = {isa = PBXFileReference; lastKnownFileType = folder.assetcatalog; path = Assets.xcassets; sourceTree = "<group>"; };
		9014D0122AA0A1070006B5DD /* Preview Assets.xcassets */ = {isa = PBXFileReference; lastKnownFileType = folder.assetcatalog; path = "Preview Assets.xcassets"; sourceTree = "<group>"; };
		9014D01D2AA0A20D0006B5DD /* MatchLiveScoreExtension.appex */ = {isa = PBXFileReference; explicitFileType = "wrapper.app-extension"; includeInIndex = 0; path = MatchLiveScoreExtension.appex; sourceTree = BUILT_PRODUCTS_DIR; };
		9014D01F2AA0A20D0006B5DD /* WidgetKit.framework */ = {isa = PBXFileReference; lastKnownFileType = wrapper.framework; name = WidgetKit.framework; path = System/Library/Frameworks/WidgetKit.framework; sourceTree = SDKROOT; };
		9014D0212AA0A20D0006B5DD /* SwiftUI.framework */ = {isa = PBXFileReference; lastKnownFileType = wrapper.framework; name = SwiftUI.framework; path = System/Library/Frameworks/SwiftUI.framework; sourceTree = SDKROOT; };
		9014D0242AA0A20D0006B5DD /* MatchLiveScoreBundle.swift */ = {isa = PBXFileReference; lastKnownFileType = sourcecode.swift; path = MatchLiveScoreBundle.swift; sourceTree = "<group>"; };
		9014D0262AA0A20D0006B5DD /* MatchLiveScoreLiveActivity.swift */ = {isa = PBXFileReference; lastKnownFileType = sourcecode.swift; path = MatchLiveScoreLiveActivity.swift; sourceTree = "<group>"; };
		9014D0282AA0A20D0006B5DD /* MatchLiveScore.swift */ = {isa = PBXFileReference; lastKnownFileType = sourcecode.swift; path = MatchLiveScore.swift; sourceTree = "<group>"; };
		9014D02A2AA0A20D0006B5DD /* MatchLiveScore.intentdefinition */ = {isa = PBXFileReference; lastKnownFileType = file.intentdefinition; path = MatchLiveScore.intentdefinition; sourceTree = "<group>"; };
		9014D02B2AA0A20E0006B5DD /* Assets.xcassets */ = {isa = PBXFileReference; lastKnownFileType = folder.assetcatalog; path = Assets.xcassets; sourceTree = "<group>"; };
		9014D02D2AA0A20E0006B5DD /* Info.plist */ = {isa = PBXFileReference; lastKnownFileType = text.plist.xml; path = Info.plist; sourceTree = "<group>"; };
		9014D0372AAE16F00006B5DD /* ActivityManager.swift */ = {isa = PBXFileReference; lastKnownFileType = sourcecode.swift; path = ActivityManager.swift; sourceTree = "<group>"; };
		9014D0392AAE1B5E0006B5DD /* MatchLiveScoreAttributes.swift */ = {isa = PBXFileReference; lastKnownFileType = sourcecode.swift; path = MatchLiveScoreAttributes.swift; sourceTree = "<group>"; };
/* End PBXFileReference section */

/* Begin PBXFrameworksBuildPhase section */
		9014D0052AA0A1060006B5DD /* Frameworks */ = {
			isa = PBXFrameworksBuildPhase;
			buildActionMask = 2147483647;
			files = (
			);
			runOnlyForDeploymentPostprocessing = 0;
		};
		9014D01A2AA0A20D0006B5DD /* Frameworks */ = {
			isa = PBXFrameworksBuildPhase;
			buildActionMask = 2147483647;
			files = (
				9014D0222AA0A20D0006B5DD /* SwiftUI.framework in Frameworks */,
				9014D0202AA0A20D0006B5DD /* WidgetKit.framework in Frameworks */,
			);
			runOnlyForDeploymentPostprocessing = 0;
		};
/* End PBXFrameworksBuildPhase section */

/* Begin PBXGroup section */
		9014CFFF2AA0A1060006B5DD = {
			isa = PBXGroup;
			children = (
				9014D00A2AA0A1060006B5DD /* MGLiveActivity */,
				9014D0232AA0A20D0006B5DD /* MatchLiveScore */,
				9014D01E2AA0A20D0006B5DD /* Frameworks */,
				9014D0092AA0A1060006B5DD /* Products */,
			);
			sourceTree = "<group>";
		};
		9014D0092AA0A1060006B5DD /* Products */ = {
			isa = PBXGroup;
			children = (
				9014D0082AA0A1060006B5DD /* MGLiveActivity.app */,
				9014D01D2AA0A20D0006B5DD /* MatchLiveScoreExtension.appex */,
			);
			name = Products;
			sourceTree = "<group>";
		};
		9014D00A2AA0A1060006B5DD /* MGLiveActivity */ = {
			isa = PBXGroup;
			children = (
				9014D00B2AA0A1060006B5DD /* MGLiveActivityApp.swift */,
				9014D00D2AA0A1060006B5DD /* ContentView.swift */,
				9014D0372AAE16F00006B5DD /* ActivityManager.swift */,
				9014D00F2AA0A1070006B5DD /* Assets.xcassets */,
				9014D0112AA0A1070006B5DD /* Preview Content */,
			);
			path = MGLiveActivity;
			sourceTree = "<group>";
		};
		9014D0112AA0A1070006B5DD /* Preview Content */ = {
			isa = PBXGroup;
			children = (
				9014D0122AA0A1070006B5DD /* Preview Assets.xcassets */,
			);
			path = "Preview Content";
			sourceTree = "<group>";
		};
		9014D01E2AA0A20D0006B5DD /* Frameworks */ = {
			isa = PBXGroup;
			children = (
				9014D01F2AA0A20D0006B5DD /* WidgetKit.framework */,
				9014D0212AA0A20D0006B5DD /* SwiftUI.framework */,
			);
			name = Frameworks;
			sourceTree = "<group>";
		};
		9014D0232AA0A20D0006B5DD /* MatchLiveScore */ = {
			isa = PBXGroup;
			children = (
				9014D0392AAE1B5E0006B5DD /* MatchLiveScoreAttributes.swift */,
				9014D0242AA0A20D0006B5DD /* MatchLiveScoreBundle.swift */,
				9014D0262AA0A20D0006B5DD /* MatchLiveScoreLiveActivity.swift */,
				9014D0282AA0A20D0006B5DD /* MatchLiveScore.swift */,
				9014D02A2AA0A20D0006B5DD /* MatchLiveScore.intentdefinition */,
				9014D02B2AA0A20E0006B5DD /* Assets.xcassets */,
				9014D02D2AA0A20E0006B5DD /* Info.plist */,
			);
			path = MatchLiveScore;
			sourceTree = "<group>";
		};
/* End PBXGroup section */

/* Begin PBXNativeTarget section */
		9014D0072AA0A1060006B5DD /* MGLiveActivity */ = {
			isa = PBXNativeTarget;
			buildConfigurationList = 9014D0162AA0A1070006B5DD /* Build configuration list for PBXNativeTarget "MGLiveActivity" */;
			buildPhases = (
				9014D0042AA0A1060006B5DD /* Sources */,
				9014D0052AA0A1060006B5DD /* Frameworks */,
				9014D0062AA0A1060006B5DD /* Resources */,
				9014D0362AA0A20E0006B5DD /* Embed Foundation Extensions */,
			);
			buildRules = (
			);
			dependencies = (
				9014D0312AA0A20E0006B5DD /* PBXTargetDependency */,
			);
			name = MGLiveActivity;
			productName = MGLiveActivity;
			productReference = 9014D0082AA0A1060006B5DD /* MGLiveActivity.app */;
			productType = "com.apple.product-type.application";
		};
		9014D01C2AA0A20D0006B5DD /* MatchLiveScoreExtension */ = {
			isa = PBXNativeTarget;
			buildConfigurationList = 9014D0332AA0A20E0006B5DD /* Build configuration list for PBXNativeTarget "MatchLiveScoreExtension" */;
			buildPhases = (
				9014D0192AA0A20D0006B5DD /* Sources */,
				9014D01A2AA0A20D0006B5DD /* Frameworks */,
				9014D01B2AA0A20D0006B5DD /* Resources */,
			);
			buildRules = (
			);
			dependencies = (
			);
			name = MatchLiveScoreExtension;
			productName = MatchLiveScoreExtension;
			productReference = 9014D01D2AA0A20D0006B5DD /* MatchLiveScoreExtension.appex */;
			productType = "com.apple.product-type.app-extension";
		};
/* End PBXNativeTarget section */

/* Begin PBXProject section */
		9014D0002AA0A1060006B5DD /* Project object */ = {
			isa = PBXProject;
			attributes = {
				BuildIndependentTargetsInParallel = 1;
				LastSwiftUpdateCheck = 1430;
				LastUpgradeCheck = 1430;
				TargetAttributes = {
					9014D0072AA0A1060006B5DD = {
						CreatedOnToolsVersion = 14.3.1;
					};
					9014D01C2AA0A20D0006B5DD = {
						CreatedOnToolsVersion = 14.3.1;
					};
				};
			};
			buildConfigurationList = 9014D0032AA0A1060006B5DD /* Build configuration list for PBXProject "MGLiveActivity" */;
			compatibilityVersion = "Xcode 14.0";
			developmentRegion = en;
			hasScannedForEncodings = 0;
			knownRegions = (
				en,
				Base,
			);
			mainGroup = 9014CFFF2AA0A1060006B5DD;
			productRefGroup = 9014D0092AA0A1060006B5DD /* Products */;
			projectDirPath = "";
			projectRoot = "";
			targets = (
				9014D0072AA0A1060006B5DD /* MGLiveActivity */,
				9014D01C2AA0A20D0006B5DD /* MatchLiveScoreExtension */,
			);
		};
/* End PBXProject section */

/* Begin PBXResourcesBuildPhase section */
		9014D0062AA0A1060006B5DD /* Resources */ = {
			isa = PBXResourcesBuildPhase;
			buildActionMask = 2147483647;
			files = (
				9014D0132AA0A1070006B5DD /* Preview Assets.xcassets in Resources */,
				9014D0102AA0A1070006B5DD /* Assets.xcassets in Resources */,
			);
			runOnlyForDeploymentPostprocessing = 0;
		};
		9014D01B2AA0A20D0006B5DD /* Resources */ = {
			isa = PBXResourcesBuildPhase;
			buildActionMask = 2147483647;
			files = (
				9014D02C2AA0A20E0006B5DD /* Assets.xcassets in Resources */,
			);
			runOnlyForDeploymentPostprocessing = 0;
		};
/* End PBXResourcesBuildPhase section */

/* Begin PBXSourcesBuildPhase section */
		9014D0042AA0A1060006B5DD /* Sources */ = {
			isa = PBXSourcesBuildPhase;
			buildActionMask = 2147483647;
			files = (
				9014D0382AAE16F00006B5DD /* ActivityManager.swift in Sources */,
				9014D03A2AAE1B5E0006B5DD /* MatchLiveScoreAttributes.swift in Sources */,
				9014D02F2AA0A20E0006B5DD /* MatchLiveScore.intentdefinition in Sources */,
				9014D00E2AA0A1060006B5DD /* ContentView.swift in Sources */,
				9014D00C2AA0A1060006B5DD /* MGLiveActivityApp.swift in Sources */,
			);
			runOnlyForDeploymentPostprocessing = 0;
		};
		9014D0192AA0A20D0006B5DD /* Sources */ = {
			isa = PBXSourcesBuildPhase;
			buildActionMask = 2147483647;
			files = (
				9014D0292AA0A20D0006B5DD /* MatchLiveScore.swift in Sources */,
				9014D03B2AAE1B5E0006B5DD /* MatchLiveScoreAttributes.swift in Sources */,
				9014D02E2AA0A20E0006B5DD /* MatchLiveScore.intentdefinition in Sources */,
				9014D0272AA0A20D0006B5DD /* MatchLiveScoreLiveActivity.swift in Sources */,
				9014D0252AA0A20D0006B5DD /* MatchLiveScoreBundle.swift in Sources */,
			);
			runOnlyForDeploymentPostprocessing = 0;
		};
/* End PBXSourcesBuildPhase section */

/* Begin PBXTargetDependency section */
		9014D0312AA0A20E0006B5DD /* PBXTargetDependency */ = {
			isa = PBXTargetDependency;
			target = 9014D01C2AA0A20D0006B5DD /* MatchLiveScoreExtension */;
			targetProxy = 9014D0302AA0A20E0006B5DD /* PBXContainerItemProxy */;
		};
/* End PBXTargetDependency section */

/* Begin XCBuildConfiguration section */
		9014D0142AA0A1070006B5DD /* Debug */ = {
			isa = XCBuildConfiguration;
			buildSettings = {
				ALWAYS_SEARCH_USER_PATHS = NO;
				CLANG_ANALYZER_NONNULL = YES;
				CLANG_ANALYZER_NUMBER_OBJECT_CONVERSION = YES_AGGRESSIVE;
				CLANG_CXX_LANGUAGE_STANDARD = "gnu++20";
				CLANG_ENABLE_MODULES = YES;
				CLANG_ENABLE_OBJC_ARC = YES;
				CLANG_ENABLE_OBJC_WEAK = YES;
				CLANG_WARN_BLOCK_CAPTURE_AUTORELEASING = YES;
				CLANG_WARN_BOOL_CONVERSION = YES;
				CLANG_WARN_COMMA = YES;
				CLANG_WARN_CONSTANT_CONVERSION = YES;
				CLANG_WARN_DEPRECATED_OBJC_IMPLEMENTATIONS = YES;
				CLANG_WARN_DIRECT_OBJC_ISA_USAGE = YES_ERROR;
				CLANG_WARN_DOCUMENTATION_COMMENTS = YES;
				CLANG_WARN_EMPTY_BODY = YES;
				CLANG_WARN_ENUM_CONVERSION = YES;
				CLANG_WARN_INFINITE_RECURSION = YES;
				CLANG_WARN_INT_CONVERSION = YES;
				CLANG_WARN_NON_LITERAL_NULL_CONVERSION = YES;
				CLANG_WARN_OBJC_IMPLICIT_RETAIN_SELF = YES;
				CLANG_WARN_OBJC_LITERAL_CONVERSION = YES;
				CLANG_WARN_OBJC_ROOT_CLASS = YES_ERROR;
				CLANG_WARN_QUOTED_INCLUDE_IN_FRAMEWORK_HEADER = YES;
				CLANG_WARN_RANGE_LOOP_ANALYSIS = YES;
				CLANG_WARN_STRICT_PROTOTYPES = YES;
				CLANG_WARN_SUSPICIOUS_MOVE = YES;
				CLANG_WARN_UNGUARDED_AVAILABILITY = YES_AGGRESSIVE;
				CLANG_WARN_UNREACHABLE_CODE = YES;
				CLANG_WARN__DUPLICATE_METHOD_MATCH = YES;
				COPY_PHASE_STRIP = NO;
				DEBUG_INFORMATION_FORMAT = dwarf;
				ENABLE_STRICT_OBJC_MSGSEND = YES;
				ENABLE_TESTABILITY = YES;
				GCC_C_LANGUAGE_STANDARD = gnu11;
				GCC_DYNAMIC_NO_PIC = NO;
				GCC_NO_COMMON_BLOCKS = YES;
				GCC_OPTIMIZATION_LEVEL = 0;
				GCC_PREPROCESSOR_DEFINITIONS = (
					"DEBUG=1",
					"$(inherited)",
				);
				GCC_WARN_64_TO_32_BIT_CONVERSION = YES;
				GCC_WARN_ABOUT_RETURN_TYPE = YES_ERROR;
				GCC_WARN_UNDECLARED_SELECTOR = YES;
				GCC_WARN_UNINITIALIZED_AUTOS = YES_AGGRESSIVE;
				GCC_WARN_UNUSED_FUNCTION = YES;
				GCC_WARN_UNUSED_VARIABLE = YES;
				IPHONEOS_DEPLOYMENT_TARGET = 16.4;
				MTL_ENABLE_DEBUG_INFO = INCLUDE_SOURCE;
				MTL_FAST_MATH = YES;
				ONLY_ACTIVE_ARCH = YES;
				SDKROOT = iphoneos;
				SWIFT_ACTIVE_COMPILATION_CONDITIONS = DEBUG;
				SWIFT_OPTIMIZATION_LEVEL = "-Onone";
			};
			name = Debug;
		};
		9014D0152AA0A1070006B5DD /* Release */ = {
			isa = XCBuildConfiguration;
			buildSettings = {
				ALWAYS_SEARCH_USER_PATHS = NO;
				CLANG_ANALYZER_NONNULL = YES;
				CLANG_ANALYZER_NUMBER_OBJECT_CONVERSION = YES_AGGRESSIVE;
				CLANG_CXX_LANGUAGE_STANDARD = "gnu++20";
				CLANG_ENABLE_MODULES = YES;
				CLANG_ENABLE_OBJC_ARC = YES;
				CLANG_ENABLE_OBJC_WEAK = YES;
				CLANG_WARN_BLOCK_CAPTURE_AUTORELEASING = YES;
				CLANG_WARN_BOOL_CONVERSION = YES;
				CLANG_WARN_COMMA = YES;
				CLANG_WARN_CONSTANT_CONVERSION = YES;
				CLANG_WARN_DEPRECATED_OBJC_IMPLEMENTATIONS = YES;
				CLANG_WARN_DIRECT_OBJC_ISA_USAGE = YES_ERROR;
				CLANG_WARN_DOCUMENTATION_COMMENTS = YES;
				CLANG_WARN_EMPTY_BODY = YES;
				CLANG_WARN_ENUM_CONVERSION = YES;
				CLANG_WARN_INFINITE_RECURSION = YES;
				CLANG_WARN_INT_CONVERSION = YES;
				CLANG_WARN_NON_LITERAL_NULL_CONVERSION = YES;
				CLANG_WARN_OBJC_IMPLICIT_RETAIN_SELF = YES;
				CLANG_WARN_OBJC_LITERAL_CONVERSION = YES;
				CLANG_WARN_OBJC_ROOT_CLASS = YES_ERROR;
				CLANG_WARN_QUOTED_INCLUDE_IN_FRAMEWORK_HEADER = YES;
				CLANG_WARN_RANGE_LOOP_ANALYSIS = YES;
				CLANG_WARN_STRICT_PROTOTYPES = YES;
				CLANG_WARN_SUSPICIOUS_MOVE = YES;
				CLANG_WARN_UNGUARDED_AVAILABILITY = YES_AGGRESSIVE;
				CLANG_WARN_UNREACHABLE_CODE = YES;
				CLANG_WARN__DUPLICATE_METHOD_MATCH = YES;
				COPY_PHASE_STRIP = NO;
				DEBUG_INFORMATION_FORMAT = "dwarf-with-dsym";
				ENABLE_NS_ASSERTIONS = NO;
				ENABLE_STRICT_OBJC_MSGSEND = YES;
				GCC_C_LANGUAGE_STANDARD = gnu11;
				GCC_NO_COMMON_BLOCKS = YES;
				GCC_WARN_64_TO_32_BIT_CONVERSION = YES;
				GCC_WARN_ABOUT_RETURN_TYPE = YES_ERROR;
				GCC_WARN_UNDECLARED_SELECTOR = YES;
				GCC_WARN_UNINITIALIZED_AUTOS = YES_AGGRESSIVE;
				GCC_WARN_UNUSED_FUNCTION = YES;
				GCC_WARN_UNUSED_VARIABLE = YES;
				IPHONEOS_DEPLOYMENT_TARGET = 16.4;
				MTL_ENABLE_DEBUG_INFO = NO;
				MTL_FAST_MATH = YES;
				SDKROOT = iphoneos;
				SWIFT_COMPILATION_MODE = wholemodule;
				SWIFT_OPTIMIZATION_LEVEL = "-O";
				VALIDATE_PRODUCT = YES;
			};
			name = Release;
		};
		9014D0172AA0A1070006B5DD /* Debug */ = {
			isa = XCBuildConfiguration;
			buildSettings = {
				ALWAYS_EMBED_SWIFT_STANDARD_LIBRARIES = YES;
				ASSETCATALOG_COMPILER_APPICON_NAME = AppIcon;
				ASSETCATALOG_COMPILER_GLOBAL_ACCENT_COLOR_NAME = AccentColor;
				CODE_SIGN_STYLE = Automatic;
				CURRENT_PROJECT_VERSION = 1;
				DEVELOPMENT_ASSET_PATHS = "\"MGLiveActivity/Preview Content\"";
				ENABLE_PREVIEWS = YES;
				GENERATE_INFOPLIST_FILE = YES;
				INFOPLIST_KEY_UIApplicationSceneManifest_Generation = YES;
				INFOPLIST_KEY_UIApplicationSupportsIndirectInputEvents = YES;
				INFOPLIST_KEY_UILaunchScreen_Generation = YES;
				INFOPLIST_KEY_UISupportedInterfaceOrientations_iPad = "UIInterfaceOrientationPortrait UIInterfaceOrientationPortraitUpsideDown UIInterfaceOrientationLandscapeLeft UIInterfaceOrientationLandscapeRight";
				INFOPLIST_KEY_UISupportedInterfaceOrientations_iPhone = "UIInterfaceOrientationPortrait UIInterfaceOrientationLandscapeLeft UIInterfaceOrientationLandscapeRight";
				LD_RUNPATH_SEARCH_PATHS = (
					"$(inherited)",
					"@executable_path/Frameworks",
				);
				MARKETING_VERSION = 1.0;
				PRODUCT_BUNDLE_IDENTIFIER = com.marcoguerrieri.test.MGLiveActivity;
				PRODUCT_NAME = "$(TARGET_NAME)";
				SWIFT_EMIT_LOC_STRINGS = YES;
				SWIFT_VERSION = 5.0;
				TARGETED_DEVICE_FAMILY = "1,2";
			};
			name = Debug;
		};
		9014D0182AA0A1070006B5DD /* Release */ = {
			isa = XCBuildConfiguration;
			buildSettings = {
				ALWAYS_EMBED_SWIFT_STANDARD_LIBRARIES = YES;
				ASSETCATALOG_COMPILER_APPICON_NAME = AppIcon;
				ASSETCATALOG_COMPILER_GLOBAL_ACCENT_COLOR_NAME = AccentColor;
				CODE_SIGN_STYLE = Automatic;
				CURRENT_PROJECT_VERSION = 1;
				DEVELOPMENT_ASSET_PATHS = "\"MGLiveActivity/Preview Content\"";
				ENABLE_PREVIEWS = YES;
				GENERATE_INFOPLIST_FILE = YES;
				INFOPLIST_KEY_UIApplicationSceneManifest_Generation = YES;
				INFOPLIST_KEY_UIApplicationSupportsIndirectInputEvents = YES;
				INFOPLIST_KEY_UILaunchScreen_Generation = YES;
				INFOPLIST_KEY_UISupportedInterfaceOrientations_iPad = "UIInterfaceOrientationPortrait UIInterfaceOrientationPortraitUpsideDown UIInterfaceOrientationLandscapeLeft UIInterfaceOrientationLandscapeRight";
				INFOPLIST_KEY_UISupportedInterfaceOrientations_iPhone = "UIInterfaceOrientationPortrait UIInterfaceOrientationLandscapeLeft UIInterfaceOrientationLandscapeRight";
				LD_RUNPATH_SEARCH_PATHS = (
					"$(inherited)",
					"@executable_path/Frameworks",
				);
				MARKETING_VERSION = 1.0;
				PRODUCT_BUNDLE_IDENTIFIER = com.marcoguerrieri.test.MGLiveActivity;
				PRODUCT_NAME = "$(TARGET_NAME)";
				SWIFT_EMIT_LOC_STRINGS = YES;
				SWIFT_VERSION = 5.0;
				TARGETED_DEVICE_FAMILY = "1,2";
			};
			name = Release;
		};
		9014D0342AA0A20E0006B5DD /* Debug */ = {
			isa = XCBuildConfiguration;
			buildSettings = {
				ASSETCATALOG_COMPILER_GLOBAL_ACCENT_COLOR_NAME = AccentColor;
				ASSETCATALOG_COMPILER_WIDGET_BACKGROUND_COLOR_NAME = WidgetBackground;
				CODE_SIGN_STYLE = Automatic;
				CURRENT_PROJECT_VERSION = 1;
				GENERATE_INFOPLIST_FILE = YES;
				INFOPLIST_FILE = MatchLiveScore/Info.plist;
				INFOPLIST_KEY_CFBundleDisplayName = MatchLiveScore;
				INFOPLIST_KEY_NSHumanReadableCopyright = "";
				LD_RUNPATH_SEARCH_PATHS = (
					"$(inherited)",
					"@executable_path/Frameworks",
					"@executable_path/../../Frameworks",
				);
				MARKETING_VERSION = 1.0;
				PRODUCT_BUNDLE_IDENTIFIER = com.marcoguerrieri.test.MGLiveActivity.MatchLiveScore;
				PRODUCT_NAME = "$(TARGET_NAME)";
				SKIP_INSTALL = YES;
				SWIFT_EMIT_LOC_STRINGS = YES;
				SWIFT_VERSION = 5.0;
				TARGETED_DEVICE_FAMILY = "1,2";
			};
			name = Debug;
		};
		9014D0352AA0A20E0006B5DD /* Release */ = {
			isa = XCBuildConfiguration;
			buildSettings = {
				ASSETCATALOG_COMPILER_GLOBAL_ACCENT_COLOR_NAME = AccentColor;
				ASSETCATALOG_COMPILER_WIDGET_BACKGROUND_COLOR_NAME = WidgetBackground;
				CODE_SIGN_STYLE = Automatic;
				CURRENT_PROJECT_VERSION = 1;
				GENERATE_INFOPLIST_FILE = YES;
				INFOPLIST_FILE = MatchLiveScore/Info.plist;
				INFOPLIST_KEY_CFBundleDisplayName = MatchLiveScore;
				INFOPLIST_KEY_NSHumanReadableCopyright = "";
				LD_RUNPATH_SEARCH_PATHS = (
					"$(inherited)",
					"@executable_path/Frameworks",
					"@executable_path/../../Frameworks",
				);
				MARKETING_VERSION = 1.0;
				PRODUCT_BUNDLE_IDENTIFIER = com.marcoguerrieri.test.MGLiveActivity.MatchLiveScore;
				PRODUCT_NAME = "$(TARGET_NAME)";
				SKIP_INSTALL = YES;
				SWIFT_EMIT_LOC_STRINGS = YES;
				SWIFT_VERSION = 5.0;
				TARGETED_DEVICE_FAMILY = "1,2";
			};
			name = Release;
		};
/* End XCBuildConfiguration section */

/* Begin XCConfigurationList section */
		9014D0032AA0A1060006B5DD /* Build configuration list for PBXProject "MGLiveActivity" */ = {
			isa = XCConfigurationList;
			buildConfigurations = (
				9014D0142AA0A1070006B5DD /* Debug */,
				9014D0152AA0A1070006B5DD /* Release */,
			);
			defaultConfigurationIsVisible = 0;
			defaultConfigurationName = Release;
		};
		9014D0162AA0A1070006B5DD /* Build configuration list for PBXNativeTarget "MGLiveActivity" */ = {
			isa = XCConfigurationList;
			buildConfigurations = (
				9014D0172AA0A1070006B5DD /* Debug */,
				9014D0182AA0A1070006B5DD /* Release */,
			);
			defaultConfigurationIsVisible = 0;
			defaultConfigurationName = Release;
		};
		9014D0332AA0A20E0006B5DD /* Build configuration list for PBXNativeTarget "MatchLiveScoreExtension" */ = {
			isa = XCConfigurationList;
			buildConfigurations = (
				9014D0342AA0A20E0006B5DD /* Debug */,
				9014D0352AA0A20E0006B5DD /* Release */,
			);
			defaultConfigurationIsVisible = 0;
			defaultConfigurationName = Release;
		};
/* End XCConfigurationList section */
	};
	rootObject = 9014D0002AA0A1060006B5DD /* Project object */;
}
